{
  "name": "simulador-cp2",
  "lockfileVersion": 3,
  "requires": true,
  "packages": {
    "": {
      "name": "simulador-cp2",
      "dependencies": {
        "@fontsource/literata": "^5.3.0",
        "@fontsource/source-sans-3": "^5.3.0",
        "katex": "^0.16.47"
      },
      "devDependencies": {
        "playwright-core": "^1.63.0"
      }
    },
    "node_modules/@fontsource/literata": {
      "version": "5.3.0",
      "resolved": "https://registry.npmjs.org/@fontsource/literata/-/literata-5.3.0.tgz",
      "integrity": "sha512-9JGMT5+YfBK49thoMq9ASaMRJErHT4V4QuMhAEwKHRLreOsIMP2xP6ZRLhPJ0e6YlET+kjWTJuN7LAxt9/gWGQ==",
      "license": "OFL-1.1",
      "funding": {
        "url": "https://github.com/sponsors/ayuhito"
      }
    },
    "node_modules/@fontsource/source-sans-3": {
      "version": "5.3.0",
      "resolved": "https://registry.npmjs.org/@fontsource/source-sans-3/-/source-sans-3-5.3.0.tgz",
      "integrity": "sha512-VrWixSgF93kOVSEkwjs9ImnAbxrBew4PgcnaJYEitG9TyJSwxjFUNJIgzB1XFP/acyAWcTDg7+sWe7JI8LTB9w==",
      "license": "OFL-1.1",
      "funding": {
        "url": "https://github.com/sponsors/ayuhito"
      }
    },
    "node_modules/commander": {
      "version": "8.3.0",
      "resolved": "https://registry.npmjs.org/commander/-/commander-8.3.0.tgz",
      "integrity": "sha512-OkTL9umf+He2DZkUq8f8J9of7yL6RJKI24dVITBmNfZBmri9zYZQrKkuXiKhyfPSu8tUhnVBB1iKXevvnlR4Ww==",
      "license": "MIT",
      "engines": {
        "node": ">= 12"
      }
    },
    "node_modules/katex": {
      "version": "0.16.47",
      "resolved": "https://registry.npmjs.org/katex/-/katex-0.16.47.tgz",
      "integrity": "sha512-Eeo8Ys1doU1z+x8AZsPpQu+p/QcZBI5PeOo7QGQdy2x2m0MU/hYagBbGOmXwr5KVbEfVuWv9LpnQWeehogurjg==",
      "funding": [
        "https://opencollective.com/katex",
        "https://github.com/sponsors/katex"
      ],
      "license": "MIT",
      "dependencies": {
        "commander": "^8.3.0"
      },
      "bin": {
        "katex": "cli.js"
      }
    },
    "node_modules/playwright-core": {
      "version": "1.63.0",
      "resolved": "https://registry.npmjs.org/playwright-core/-/playwright-core-1.63.0.tgz",
      "integrity": "sha512-rYCsBF/M5HjUch52bbtVONEFjv6Xu8sm8h72dNlR5bzIE1fvC/bxgspzkjSfU+MweEMmPM8KJebG6nnyxo5mCg==",
      "dev": true,
      "license": "Apache-2.0",
      "bin": {
        "playwright-core": "cli.js"
      },
      "engines": {
        "node": ">=20"
      }
    }
  }
}
